FORGE
  remote: https://forgeapi.puppetlabs.com
  specs:
    adrien-boolean (1.0.1)
    adrien-filemapper (1.1.3)
    camptocamp-kmod (0.0.1)
    garethr-docker (4.0.1)
      puppetlabs-apt (<= 1.8.0, >= 1.1.0)
      puppetlabs-stdlib (>= 4.1.0)
      stahnma-epel (>= 0.0.6)
    leinaddm-htpasswd (0.0.3)
    lex-dnsmasq (2.6.1)
      puppetlabs-concat (>= 1.0.2)
      puppetlabs-stdlib (>= 4.2.0)
    puppetlabs-apt (1.8.0)
      puppetlabs-stdlib (>= 2.2.1)
    puppetlabs-concat (1.2.0)
      puppetlabs-stdlib (< 5.0.0, >= 3.2.0)
    puppetlabs-firewall (1.7.0)
    puppetlabs-ntp (4.1.2)
      puppetlabs-stdlib (< 5.0.0, >= 4.6.0)
    puppetlabs-rsync (0.4.0)
      puppetlabs-concat (>= 1.1.1)
      puppetlabs-stdlib (>= 2.2.1)
      puppetlabs-xinetd (>= 1.1.0)
    puppetlabs-stdlib (4.7.0)
    puppetlabs-vcsrepo (1.3.1)
    puppetlabs-xinetd (1.5.0)
      puppetlabs-stdlib (>= 2.2.1)
    saz-resolv_conf (3.0.5)
      puppetlabs-stdlib (>= 3.2.0)
    stahnma-epel (1.0.2)

GIT
  remote: https://github.com/jlaska/puppet-subscription_manager.git
  ref: master
  sha: 2208d1b72fca3de68956b7aa464f204edbbf706b
  specs:
    jlaska-subscription_manager (0.0.1)

GIT
  remote: https://github.com/puppet-community/puppet-network.git
  ref: 70e14b7
  sha: 70e14b73d6bf585c082e105c5628268e3caa9bc5
  specs:
    community-network (0.5.0-dev)
      adrien-boolean (>= 1.0.0)
      adrien-filemapper (>= 1.0.0)
      camptocamp-kmod (~> 0.0.0)
      puppetlabs-stdlib (>= 2.3.0)

DEPENDENCIES
  community-network (>= 0)
  garethr-docker (= 4.0.1)
  jlaska-subscription_manager (>= 0)
  leinaddm-htpasswd (>= 0)
  lex-dnsmasq (>= 0)
  puppetlabs-concat (= 1.2.0)
  puppetlabs-firewall (>= 0)
  puppetlabs-ntp (>= 0)
  puppetlabs-rsync (>= 0)
  puppetlabs-vcsrepo (>= 0)
  saz-resolv_conf (>= 0)

